// !$*UTF8*$!
{
	archiveVersion = 1;
	classes = {
	};
	objectVersion = 46;
	objects = {

/* Begin PBXBuildFile section */
		1360B7321C4192620026F827 /* main.cpp in Sources */ = {isa = PBXBuildFile; fileRef = 1360B7311C4192620026F827 /* main.cpp */; };
		1360B7391C4193D40026F827 /* OpenGL.framework in Frameworks */ = {isa = PBXBuildFile; fileRef = 1360B7381C4193D40026F827 /* OpenGL.framework */; };
		1360B73B1C4194150026F827 /* GLUT.framework in Frameworks */ = {isa = PBXBuildFile; fileRef = 1360B73A1C4194150026F827 /* GLUT.framework */; };
		1360B73F1C419A0E0026F827 /* Window.cpp in Sources */ = {isa = PBXBuildFile; fileRef = 1360B73D1C419A0E0026F827 /* Window.cpp */; };
		1360B7441C41A5300026F827 /* shaderSetup.cpp in Sources */ = {isa = PBXBuildFile; fileRef = 1360B7421C41A5300026F827 /* shaderSetup.cpp */; };
		1360B7451C41A8190026F827 /* simpleCloth.vert in CopyFiles */ = {isa = PBXBuildFile; fileRef = 1360B7401C41A35A0026F827 /* simpleCloth.vert */; };
		1360B7461C41A8190026F827 /* simpleCloth.frag in CopyFiles */ = {isa = PBXBuildFile; fileRef = 1360B7411C41A3CC0026F827 /* simpleCloth.frag */; };
		13709E0D1C4217E50070C7F7 /* VectorBase.cpp in Sources */ = {isa = PBXBuildFile; fileRef = 13709E0B1C4217E50070C7F7 /* VectorBase.cpp */; };
		13709E101C4217FD0070C7F7 /* Vec4.cpp in Sources */ = {isa = PBXBuildFile; fileRef = 13709E0E1C4217FD0070C7F7 /* Vec4.cpp */; };
		13709E131C42180A0070C7F7 /* Vec3.cpp in Sources */ = {isa = PBXBuildFile; fileRef = 13709E111C42180A0070C7F7 /* Vec3.cpp */; };
		13B99AED1C41E32800FCEBFC /* Spring.cpp in Sources */ = {isa = PBXBuildFile; fileRef = 13B99AEB1C41E32800FCEBFC /* Spring.cpp */; };
/* End PBXBuildFile section */

/* Begin PBXCopyFilesBuildPhase section */
		1360B72C1C4192620026F827 /* CopyFiles */ = {
			isa = PBXCopyFilesBuildPhase;
			buildActionMask = 12;
			dstPath = "";
			dstSubfolderSpec = 16;
			files = (
				1360B7451C41A8190026F827 /* simpleCloth.vert in CopyFiles */,
				1360B7461C41A8190026F827 /* simpleCloth.frag in CopyFiles */,
			);
			runOnlyForDeploymentPostprocessing = 0;
		};
/* End PBXCopyFilesBuildPhase section */

/* Begin PBXFileReference section */
		1360B72E1C4192620026F827 /* ClothSimulation */ = {isa = PBXFileReference; explicitFileType = "compiled.mach-o.executable"; includeInIndex = 0; path = ClothSimulation; sourceTree = BUILT_PRODUCTS_DIR; };
		1360B7311C4192620026F827 /* main.cpp */ = {isa = PBXFileReference; lastKnownFileType = sourcecode.cpp.cpp; path = main.cpp; sourceTree = "<group>"; };
		1360B7381C4193D40026F827 /* OpenGL.framework */ = {isa = PBXFileReference; lastKnownFileType = wrapper.framework; name = OpenGL.framework; path = System/Library/Frameworks/OpenGL.framework; sourceTree = SDKROOT; };
		1360B73A1C4194150026F827 /* GLUT.framework */ = {isa = PBXFileReference; lastKnownFileType = wrapper.framework; name = GLUT.framework; path = System/Library/Frameworks/GLUT.framework; sourceTree = SDKROOT; };
		1360B73D1C419A0E0026F827 /* Window.cpp */ = {isa = PBXFileReference; fileEncoding = 4; lastKnownFileType = sourcecode.cpp.cpp; name = Window.cpp; path = Window/Window.cpp; sourceTree = "<group>"; };
		1360B73E1C419A0E0026F827 /* Window.hpp */ = {isa = PBXFileReference; fileEncoding = 4; lastKnownFileType = sourcecode.cpp.h; name = Window.hpp; path = Window/Window.hpp; sourceTree = "<group>"; };
		1360B7401C41A35A0026F827 /* simpleCloth.vert */ = {isa = PBXFileReference; fileEncoding = 4; lastKnownFileType = sourcecode.glsl; name = simpleCloth.vert; path = Window/simpleCloth.vert; sourceTree = "<group>"; };
		1360B7411C41A3CC0026F827 /* simpleCloth.frag */ = {isa = PBXFileReference; fileEncoding = 4; lastKnownFileType = sourcecode.glsl; name = simpleCloth.frag; path = Window/simpleCloth.frag; sourceTree = "<group>"; };
		1360B7421C41A5300026F827 /* shaderSetup.cpp */ = {isa = PBXFileReference; fileEncoding = 4; lastKnownFileType = sourcecode.cpp.cpp; path = shaderSetup.cpp; sourceTree = "<group>"; };
		1360B7431C41A5300026F827 /* shaderSetup.hpp */ = {isa = PBXFileReference; fileEncoding = 4; lastKnownFileType = sourcecode.cpp.h; path = shaderSetup.hpp; sourceTree = "<group>"; };
		13709E0B1C4217E50070C7F7 /* VectorBase.cpp */ = {isa = PBXFileReference; fileEncoding = 4; lastKnownFileType = sourcecode.cpp.cpp; name = VectorBase.cpp; path = VectorBase/VectorBase.cpp; sourceTree = "<group>"; };
		13709E0C1C4217E50070C7F7 /* VectorBase.hpp */ = {isa = PBXFileReference; fileEncoding = 4; lastKnownFileType = sourcecode.cpp.h; name = VectorBase.hpp; path = VectorBase/VectorBase.hpp; sourceTree = "<group>"; };
		13709E0E1C4217FD0070C7F7 /* Vec4.cpp */ = {isa = PBXFileReference; fileEncoding = 4; lastKnownFileType = sourcecode.cpp.cpp; name = Vec4.cpp; path = Vec4/Vec4.cpp; sourceTree = "<group>"; };
		13709E0F1C4217FD0070C7F7 /* Vec4.hpp */ = {isa = PBXFileReference; fileEncoding = 4; lastKnownFileType = sourcecode.cpp.h; name = Vec4.hpp; path = Vec4/Vec4.hpp; sourceTree = "<group>"; };
		13709E111C42180A0070C7F7 /* Vec3.cpp */ = {isa = PBXFileReference; fileEncoding = 4; lastKnownFileType = sourcecode.cpp.cpp; name = Vec3.cpp; path = Vec3/Vec3.cpp; sourceTree = "<group>"; };
		13709E121C42180A0070C7F7 /* Vec3.hpp */ = {isa = PBXFileReference; fileEncoding = 4; lastKnownFileType = sourcecode.cpp.h; name = Vec3.hpp; path = Vec3/Vec3.hpp; sourceTree = "<group>"; };
		13B99AEB1C41E32800FCEBFC /* Spring.cpp */ = {isa = PBXFileReference; fileEncoding = 4; lastKnownFileType = sourcecode.cpp.cpp; name = Spring.cpp; path = Spring/Spring.cpp; sourceTree = "<group>"; };
		13B99AEC1C41E32800FCEBFC /* Spring.hpp */ = {isa = PBXFileReference; fileEncoding = 4; lastKnownFileType = sourcecode.cpp.h; name = Spring.hpp; path = Spring/Spring.hpp; sourceTree = "<group>"; };
/* End PBXFileReference section */

/* Begin PBXFrameworksBuildPhase section */
		1360B72B1C4192620026F827 /* Frameworks */ = {
			isa = PBXFrameworksBuildPhase;
			buildActionMask = 2147483647;
			files = (
				1360B73B1C4194150026F827 /* GLUT.framework in Frameworks */,
				1360B7391C4193D40026F827 /* OpenGL.framework in Frameworks */,
			);
			runOnlyForDeploymentPostprocessing = 0;
		};
/* End PBXFrameworksBuildPhase section */

/* Begin PBXGroup section */
		1360B7251C4192620026F827 = {
			isa = PBXGroup;
			children = (
				1360B73A1C4194150026F827 /* GLUT.framework */,
				1360B7381C4193D40026F827 /* OpenGL.framework */,
				1360B7301C4192620026F827 /* ClothSimulation */,
				1360B72F1C4192620026F827 /* Products */,
			);
			sourceTree = "<group>";
		};
		1360B72F1C4192620026F827 /* Products */ = {
			isa = PBXGroup;
			children = (
				1360B72E1C4192620026F827 /* ClothSimulation */,
			);
			name = Products;
			sourceTree = "<group>";
		};
		1360B7301C4192620026F827 /* ClothSimulation */ = {
			isa = PBXGroup;
			children = (
				13709E071C4217AA0070C7F7 /* VectorBase */,
				13709E061C4217A50070C7F7 /* Vec4 */,
				13709E051C42179E0070C7F7 /* Vec3 */,
				13B99AEA1C41E2F600FCEBFC /* Cloth */,
				13B99AE91C41E2E800FCEBFC /* Pendulumn */,
				13B99AE81C41E2D200FCEBFC /* Spring */,
				1360B7421C41A5300026F827 /* shaderSetup.cpp */,
				1360B7431C41A5300026F827 /* shaderSetup.hpp */,
				1360B7311C4192620026F827 /* main.cpp */,
				1360B73C1C4199ED0026F827 /* Window */,
			);
			path = ClothSimulation;
			sourceTree = "<group>";
		};
		1360B73C1C4199ED0026F827 /* Window */ = {
			isa = PBXGroup;
			children = (
				1360B73D1C419A0E0026F827 /* Window.cpp */,
				1360B73E1C419A0E0026F827 /* Window.hpp */,
				1360B7401C41A35A0026F827 /* simpleCloth.vert */,
				1360B7411C41A3CC0026F827 /* simpleCloth.frag */,
			);
			name = Window;
			sourceTree = "<group>";
		};
		13709E051C42179E0070C7F7 /* Vec3 */ = {
			isa = PBXGroup;
			children = (
				13709E111C42180A0070C7F7 /* Vec3.cpp */,
				13709E121C42180A0070C7F7 /* Vec3.hpp */,
			);
			name = Vec3;
			sourceTree = "<group>";
		};
		13709E061C4217A50070C7F7 /* Vec4 */ = {
			isa = PBXGroup;
			children = (
				13709E0E1C4217FD0070C7F7 /* Vec4.cpp */,
				13709E0F1C4217FD0070C7F7 /* Vec4.hpp */,
			);
			name = Vec4;
			sourceTree = "<group>";
		};
		13709E071C4217AA0070C7F7 /* VectorBase */ = {
			isa = PBXGroup;
			children = (
				13709E0B1C4217E50070C7F7 /* VectorBase.cpp */,
				13709E0C1C4217E50070C7F7 /* VectorBase.hpp */,
			);
			name = VectorBase;
			sourceTree = "<group>";
		};
		13B99AE81C41E2D200FCEBFC /* Spring */ = {
			isa = PBXGroup;
			children = (
				13B99AEB1C41E32800FCEBFC /* Spring.cpp */,
				13B99AEC1C41E32800FCEBFC /* Spring.hpp */,
			);
			name = Spring;
			sourceTree = "<group>";
		};
		13B99AE91C41E2E800FCEBFC /* Pendulumn */ = {
			isa = PBXGroup;
			children = (
			);
			name = Pendulumn;
			sourceTree = "<group>";
		};
		13B99AEA1C41E2F600FCEBFC /* Cloth */ = {
			isa = PBXGroup;
			children = (
			);
			name = Cloth;
			sourceTree = "<group>";
		};
/* End PBXGroup section */

/* Begin PBXNativeTarget section */
		1360B72D1C4192620026F827 /* ClothSimulation */ = {
			isa = PBXNativeTarget;
			buildConfigurationList = 1360B7351C4192620026F827 /* Build configuration list for PBXNativeTarget "ClothSimulation" */;
			buildPhases = (
				1360B72A1C4192620026F827 /* Sources */,
				1360B72B1C4192620026F827 /* Frameworks */,
				1360B72C1C4192620026F827 /* CopyFiles */,
			);
			buildRules = (
			);
			dependencies = (
			);
			name = ClothSimulation;
			productName = ClothSimulation;
			productReference = 1360B72E1C4192620026F827 /* ClothSimulation */;
			productType = "com.apple.product-type.tool";
		};
/* End PBXNativeTarget section */

/* Begin PBXProject section */
		1360B7261C4192620026F827 /* Project object */ = {
			isa = PBXProject;
			attributes = {
				LastUpgradeCheck = 0720;
				ORGANIZATIONNAME = EKnapik;
				TargetAttributes = {
					1360B72D1C4192620026F827 = {
						CreatedOnToolsVersion = 7.2;
					};
				};
			};
			buildConfigurationList = 1360B7291C4192620026F827 /* Build configuration list for PBXProject "ClothSimulation" */;
			compatibilityVersion = "Xcode 3.2";
			developmentRegion = English;
			hasScannedForEncodings = 0;
			knownRegions = (
				en,
			);
			mainGroup = 1360B7251C4192620026F827;
			productRefGroup = 1360B72F1C4192620026F827 /* Products */;
			projectDirPath = "";
			projectRoot = "";
			targets = (
				1360B72D1C4192620026F827 /* ClothSimulation */,
			);
		};
/* End PBXProject section */

/* Begin PBXSourcesBuildPhase section */
		1360B72A1C4192620026F827 /* Sources */ = {
			isa = PBXSourcesBuildPhase;
			buildActionMask = 2147483647;
			files = (
				1360B7321C4192620026F827 /* main.cpp in Sources */,
				1360B73F1C419A0E0026F827 /* Window.cpp in Sources */,
				13709E131C42180A0070C7F7 /* Vec3.cpp in Sources */,
				13B99AED1C41E32800FCEBFC /* Spring.cpp in Sources */,
				13709E101C4217FD0070C7F7 /* Vec4.cpp in Sources */,
				13709E0D1C4217E50070C7F7 /* VectorBase.cpp in Sources */,
				1360B7441C41A5300026F827 /* shaderSetup.cpp in Sources */,
			);
			runOnlyForDeploymentPostprocessing = 0;
		};
/* End PBXSourcesBuildPhase section */

/* Begin XCBuildConfiguration section */
		1360B7331C4192620026F827 /* Debug */ = {
			isa = XCBuildConfiguration;
			buildSettings = {
				ALWAYS_SEARCH_USER_PATHS = NO;
				CLANG_CXX_LANGUAGE_STANDARD = "gnu++0x";
				CLANG_CXX_LIBRARY = "libc++";
				CLANG_ENABLE_MODULES = YES;
				CLANG_ENABLE_OBJC_ARC = YES;
				CLANG_WARN_BOOL_CONVERSION = YES;
				CLANG_WARN_CONSTANT_CONVERSION = YES;
				CLANG_WARN_DIRECT_OBJC_ISA_USAGE = YES_ERROR;
				CLANG_WARN_EMPTY_BODY = YES;
				CLANG_WARN_ENUM_CONVERSION = YES;
				CLANG_WARN_INT_CONVERSION = YES;
				CLANG_WARN_OBJC_ROOT_CLASS = YES_ERROR;
				CLANG_WARN_UNREACHABLE_CODE = YES;
				CLANG_WARN__DUPLICATE_METHOD_MATCH = YES;
				CODE_SIGN_IDENTITY = "-";
				COPY_PHASE_STRIP = NO;
				DEBUG_INFORMATION_FORMAT = dwarf;
				ENABLE_STRICT_OBJC_MSGSEND = YES;
				ENABLE_TESTABILITY = YES;
				GCC_C_LANGUAGE_STANDARD = gnu99;
				GCC_DYNAMIC_NO_PIC = NO;
				GCC_NO_COMMON_BLOCKS = YES;
				GCC_OPTIMIZATION_LEVEL = 0;
				GCC_PREPROCESSOR_DEFINITIONS = (
					"DEBUG=1",
					"$(inherited)",
				);
				GCC_WARN_64_TO_32_BIT_CONVERSION = YES;
				GCC_WARN_ABOUT_RETURN_TYPE = YES_ERROR;
				GCC_WARN_UNDECLARED_SELECTOR = YES;
				GCC_WARN_UNINITIALIZED_AUTOS = YES_AGGRESSIVE;
				GCC_WARN_UNUSED_FUNCTION = YES;
				GCC_WARN_UNUSED_VARIABLE = YES;
				MACOSX_DEPLOYMENT_TARGET = 10.11;
				MTL_ENABLE_DEBUG_INFO = YES;
				ONLY_ACTIVE_ARCH = YES;
				SDKROOT = macosx;
			};
			name = Debug;
		};
		1360B7341C4192620026F827 /* Release */ = {
			isa = XCBuildConfiguration;
			buildSettings = {
				ALWAYS_SEARCH_USER_PATHS = NO;
				CLANG_CXX_LANGUAGE_STANDARD = "gnu++0x";
				CLANG_CXX_LIBRARY = "libc++";
				CLANG_ENABLE_MODULES = YES;
				CLANG_ENABLE_OBJC_ARC = YES;
				CLANG_WARN_BOOL_CONVERSION = YES;
				CLANG_WARN_CONSTANT_CONVERSION = YES;
				CLANG_WARN_DIRECT_OBJC_ISA_USAGE = YES_ERROR;
				CLANG_WARN_EMPTY_BODY = YES;
				CLANG_WARN_ENUM_CONVERSION = YES;
				CLANG_WARN_INT_CONVERSION = YES;
				CLANG_WARN_OBJC_ROOT_CLASS = YES_ERROR;
				CLANG_WARN_UNREACHABLE_CODE = YES;
				CLANG_WARN__DUPLICATE_METHOD_MATCH = YES;
				CODE_SIGN_IDENTITY = "-";
				COPY_PHASE_STRIP = NO;
				DEBUG_INFORMATION_FORMAT = "dwarf-with-dsym";
				ENABLE_NS_ASSERTIONS = NO;
				ENABLE_STRICT_OBJC_MSGSEND = YES;
				GCC_C_LANGUAGE_STANDARD = gnu99;
				GCC_NO_COMMON_BLOCKS = YES;
				GCC_WARN_64_TO_32_BIT_CONVERSION = YES;
				GCC_WARN_ABOUT_RETURN_TYPE = YES_ERROR;
				GCC_WARN_UNDECLARED_SELECTOR = YES;
				GCC_WARN_UNINITIALIZED_AUTOS = YES_AGGRESSIVE;
				GCC_WARN_UNUSED_FUNCTION = YES;
				GCC_WARN_UNUSED_VARIABLE = YES;
				MACOSX_DEPLOYMENT_TARGET = 10.11;
				MTL_ENABLE_DEBUG_INFO = NO;
				SDKROOT = macosx;
			};
			name = Release;
		};
		1360B7361C4192620026F827 /* Debug */ = {
			isa = XCBuildConfiguration;
			buildSettings = {
				PRODUCT_NAME = "$(TARGET_NAME)";
			};
			name = Debug;
		};
		1360B7371C4192620026F827 /* Release */ = {
			isa = XCBuildConfiguration;
			buildSettings = {
				PRODUCT_NAME = "$(TARGET_NAME)";
			};
			name = Release;
		};
/* End XCBuildConfiguration section */

/* Begin XCConfigurationList section */
		1360B7291C4192620026F827 /* Build configuration list for PBXProject "ClothSimulation" */ = {
			isa = XCConfigurationList;
			buildConfigurations = (
				1360B7331C4192620026F827 /* Debug */,
				1360B7341C4192620026F827 /* Release */,
			);
			defaultConfigurationIsVisible = 0;
			defaultConfigurationName = Release;
		};
		1360B7351C4192620026F827 /* Build configuration list for PBXNativeTarget "ClothSimulation" */ = {
			isa = XCConfigurationList;
			buildConfigurations = (
				1360B7361C4192620026F827 /* Debug */,
				1360B7371C4192620026F827 /* Release */,
			);
			defaultConfigurationIsVisible = 0;
			defaultConfigurationName = Release;
		};
/* End XCConfigurationList section */
	};
	rootObject = 1360B7261C4192620026F827 /* Project object */;
}
