// !$*UTF8*$!
{
	archiveVersion = 1;
	classes = {
	};
	objectVersion = 46;
	objects = {

/* Begin PBXBuildFile section */
		1360B7321C4192620026F827 /* main.cpp in Sources */ = {isa = PBXBuildFile; fileRef = 1360B7311C4192620026F827 /* main.cpp */; };
		1360B7391C4193D40026F827 /* OpenGL.framework in Frameworks */ = {isa = PBXBuildFile; fileRef = 1360B7381C4193D40026F827 /* OpenGL.framework */; };
		1360B73B1C4194150026F827 /* GLUT.framework in Frameworks */ = {isa = PBXBuildFile; fileRef = 1360B73A1C4194150026F827 /* GLUT.framework */; };
		1360B73F1C419A0E0026F827 /* Window.cpp in Sources */ = {isa = PBXBuildFile; fileRef = 1360B73D1C419A0E0026F827 /* Window.cpp */; };
/* End PBXBuildFile section */

/* Begin PBXCopyFilesBuildPhase section */
		1360B72C1C4192620026F827 /* CopyFiles */ = {
			isa = PBXCopyFilesBuildPhase;
			buildActionMask = 2147483647;
			dstPath = /usr/share/man/man1/;
			dstSubfolderSpec = 0;
			files = (
			);
			runOnlyForDeploymentPostprocessing = 1;
		};
/* End PBXCopyFilesBuildPhase section */

/* Begin PBXFileReference section */
		1360B72E1C4192620026F827 /* ClothSimulation */ = {isa = PBXFileReference; explicitFileType = "compiled.mach-o.executable"; includeInIndex = 0; path = ClothSimulation; sourceTree = BUILT_PRODUCTS_DIR; };
		1360B7311C4192620026F827 /* main.cpp */ = {isa = PBXFileReference; lastKnownFileType = sourcecode.cpp.cpp; path = main.cpp; sourceTree = "<group>"; };
		1360B7381C4193D40026F827 /* OpenGL.framework */ = {isa = PBXFileReference; lastKnownFileType = wrapper.framework; name = OpenGL.framework; path = System/Library/Frameworks/OpenGL.framework; sourceTree = SDKROOT; };
		1360B73A1C4194150026F827 /* GLUT.framework */ = {isa = PBXFileReference; lastKnownFileType = wrapper.framework; name = GLUT.framework; path = System/Library/Frameworks/GLUT.framework; sourceTree = SDKROOT; };
		1360B73D1C419A0E0026F827 /* Window.cpp */ = {isa = PBXFileReference; fileEncoding = 4; lastKnownFileType = sourcecode.cpp.cpp; name = Window.cpp; path = Window/Window.cpp; sourceTree = "<group>"; };
		1360B73E1C419A0E0026F827 /* Window.hpp */ = {isa = PBXFileReference; fileEncoding = 4; lastKnownFileType = sourcecode.cpp.h; name = Window.hpp; path = Window/Window.hpp; sourceTree = "<group>"; };
/* End PBXFileReference section */

/* Begin PBXFrameworksBuildPhase section */
		1360B72B1C4192620026F827 /* Frameworks */ = {
			isa = PBXFrameworksBuildPhase;
			buildActionMask = 2147483647;
			files = (
				1360B73B1C4194150026F827 /* GLUT.framework in Frameworks */,
				1360B7391C4193D40026F827 /* OpenGL.framework in Frameworks */,
			);
			runOnlyForDeploymentPostprocessing = 0;
		};
/* End PBXFrameworksBuildPhase section */

/* Begin PBXGroup section */
		1360B7251C4192620026F827 = {
			isa = PBXGroup;
			children = (
				1360B73A1C4194150026F827 /* GLUT.framework */,
				1360B7381C4193D40026F827 /* OpenGL.framework */,
				1360B7301C4192620026F827 /* ClothSimulation */,
				1360B72F1C4192620026F827 /* Products */,
			);
			sourceTree = "<group>";
		};
		1360B72F1C4192620026F827 /* Products */ = {
			isa = PBXGroup;
			children = (
				1360B72E1C4192620026F827 /* ClothSimulation */,
			);
			name = Products;
			sourceTree = "<group>";
		};
		1360B7301C4192620026F827 /* ClothSimulation */ = {
			isa = PBXGroup;
			children = (
				1360B7311C4192620026F827 /* main.cpp */,
				1360B73C1C4199ED0026F827 /* Window */,
			);
			path = ClothSimulation;
			sourceTree = "<group>";
		};
		1360B73C1C4199ED0026F827 /* Window */ = {
			isa = PBXGroup;
			children = (
				1360B73D1C419A0E0026F827 /* Window.cpp */,
				1360B73E1C419A0E0026F827 /* Window.hpp */,
			);
			name = Window;
			sourceTree = "<group>";
		};
/* End PBXGroup section */

/* Begin PBXNativeTarget section */
		1360B72D1C4192620026F827 /* ClothSimulation */ = {
			isa = PBXNativeTarget;
			buildConfigurationList = 1360B7351C4192620026F827 /* Build configuration list for PBXNativeTarget "ClothSimulation" */;
			buildPhases = (
				1360B72A1C4192620026F827 /* Sources */,
				1360B72B1C4192620026F827 /* Frameworks */,
				1360B72C1C4192620026F827 /* CopyFiles */,
			);
			buildRules = (
			);
			dependencies = (
			);
			name = ClothSimulation;
			productName = ClothSimulation;
			productReference = 1360B72E1C4192620026F827 /* ClothSimulation */;
			productType = "com.apple.product-type.tool";
		};
/* End PBXNativeTarget section */

/* Begin PBXProject section */
		1360B7261C4192620026F827 /* Project object */ = {
			isa = PBXProject;
			attributes = {
				LastUpgradeCheck = 0720;
				ORGANIZATIONNAME = EKnapik;
				TargetAttributes = {
					1360B72D1C4192620026F827 = {
						CreatedOnToolsVersion = 7.2;
					};
				};
			};
			buildConfigurationList = 1360B7291C4192620026F827 /* Build configuration list for PBXProject "ClothSimulation" */;
			compatibilityVersion = "Xcode 3.2";
			developmentRegion = English;
			hasScannedForEncodings = 0;
			knownRegions = (
				en,
			);
			mainGroup = 1360B7251C4192620026F827;
			productRefGroup = 1360B72F1C4192620026F827 /* Products */;
			projectDirPath = "";
			projectRoot = "";
			targets = (
				1360B72D1C4192620026F827 /* ClothSimulation */,
			);
		};
/* End PBXProject section */

/* Begin PBXSourcesBuildPhase section */
		1360B72A1C4192620026F827 /* Sources */ = {
			isa = PBXSourcesBuildPhase;
			buildActionMask = 2147483647;
			files = (
				1360B7321C4192620026F827 /* main.cpp in Sources */,
				1360B73F1C419A0E0026F827 /* Window.cpp in Sources */,
			);
			runOnlyForDeploymentPostprocessing = 0;
		};
/* End PBXSourcesBuildPhase section */

/* Begin XCBuildConfiguration section */
		1360B7331C4192620026F827 /* Debug */ = {
			isa = XCBuildConfiguration;
			buildSettings = {
				ALWAYS_SEARCH_USER_PATHS = NO;
				CLANG_CXX_LANGUAGE_STANDARD = "gnu++0x";
				CLANG_CXX_LIBRARY = "libc++";
				CLANG_ENABLE_MODULES = YES;
				CLANG_ENABLE_OBJC_ARC = YES;
				CLANG_WARN_BOOL_CONVERSION = YES;
				CLANG_WARN_CONSTANT_CONVERSION = YES;
				CLANG_WARN_DIRECT_OBJC_ISA_USAGE = YES_ERROR;
				CLANG_WARN_EMPTY_BODY = YES;
				CLANG_WARN_ENUM_CONVERSION = YES;
				CLANG_WARN_INT_CONVERSION = YES;
				CLANG_WARN_OBJC_ROOT_CLASS = YES_ERROR;
				CLANG_WARN_UNREACHABLE_CODE = YES;
				CLANG_WARN__DUPLICATE_METHOD_MATCH = YES;
				CODE_SIGN_IDENTITY = "-";
				COPY_PHASE_STRIP = NO;
				DEBUG_INFORMATION_FORMAT = dwarf;
				ENABLE_STRICT_OBJC_MSGSEND = YES;
				ENABLE_TESTABILITY = YES;
				GCC_C_LANGUAGE_STANDARD = gnu99;
				GCC_DYNAMIC_NO_PIC = NO;
				GCC_NO_COMMON_BLOCKS = YES;
				GCC_OPTIMIZATION_LEVEL = 0;
				GCC_PREPROCESSOR_DEFINITIONS = (
					"DEBUG=1",
					"$(inherited)",
				);
				GCC_WARN_64_TO_32_BIT_CONVERSION = YES;
				GCC_WARN_ABOUT_RETURN_TYPE = YES_ERROR;
				GCC_WARN_UNDECLARED_SELECTOR = YES;
				GCC_WARN_UNINITIALIZED_AUTOS = YES_AGGRESSIVE;
				GCC_WARN_UNUSED_FUNCTION = YES;
				GCC_WARN_UNUSED_VARIABLE = YES;
				MACOSX_DEPLOYMENT_TARGET = 10.11;
				MTL_ENABLE_DEBUG_INFO = YES;
				ONLY_ACTIVE_ARCH = YES;
				SDKROOT = macosx;
			};
			name = Debug;
		};
		1360B7341C4192620026F827 /* Release */ = {
			isa = XCBuildConfiguration;
			buildSettings = {
				ALWAYS_SEARCH_USER_PATHS = NO;
				CLANG_CXX_LANGUAGE_STANDARD = "gnu++0x";
				CLANG_CXX_LIBRARY = "libc++";
				CLANG_ENABLE_MODULES = YES;
				CLANG_ENABLE_OBJC_ARC = YES;
				CLANG_WARN_BOOL_CONVERSION = YES;
				CLANG_WARN_CONSTANT_CONVERSION = YES;
				CLANG_WARN_DIRECT_OBJC_ISA_USAGE = YES_ERROR;
				CLANG_WARN_EMPTY_BODY = YES;
				CLANG_WARN_ENUM_CONVERSION = YES;
				CLANG_WARN_INT_CONVERSION = YES;
				CLANG_WARN_OBJC_ROOT_CLASS = YES_ERROR;
				CLANG_WARN_UNREACHABLE_CODE = YES;
				CLANG_WARN__DUPLICATE_METHOD_MATCH = YES;
				CODE_SIGN_IDENTITY = "-";
				COPY_PHASE_STRIP = NO;
				DEBUG_INFORMATION_FORMAT = "dwarf-with-dsym";
				ENABLE_NS_ASSERTIONS = NO;
				ENABLE_STRICT_OBJC_MSGSEND = YES;
				GCC_C_LANGUAGE_STANDARD = gnu99;
				GCC_NO_COMMON_BLOCKS = YES;
				GCC_WARN_64_TO_32_BIT_CONVERSION = YES;
				GCC_WARN_ABOUT_RETURN_TYPE = YES_ERROR;
				GCC_WARN_UNDECLARED_SELECTOR = YES;
				GCC_WARN_UNINITIALIZED_AUTOS = YES_AGGRESSIVE;
				GCC_WARN_UNUSED_FUNCTION = YES;
				GCC_WARN_UNUSED_VARIABLE = YES;
				MACOSX_DEPLOYMENT_TARGET = 10.11;
				MTL_ENABLE_DEBUG_INFO = NO;
				SDKROOT = macosx;
			};
			name = Release;
		};
		1360B7361C4192620026F827 /* Debug */ = {
			isa = XCBuildConfiguration;
			buildSettings = {
				PRODUCT_NAME = "$(TARGET_NAME)";
			};
			name = Debug;
		};
		1360B7371C4192620026F827 /* Release */ = {
			isa = XCBuildConfiguration;
			buildSettings = {
				PRODUCT_NAME = "$(TARGET_NAME)";
			};
			name = Release;
		};
/* End XCBuildConfiguration section */

/* Begin XCConfigurationList section */
		1360B7291C4192620026F827 /* Build configuration list for PBXProject "ClothSimulation" */ = {
			isa = XCConfigurationList;
			buildConfigurations = (
				1360B7331C4192620026F827 /* Debug */,
				1360B7341C4192620026F827 /* Release */,
			);
			defaultConfigurationIsVisible = 0;
			defaultConfigurationName = Release;
		};
		1360B7351C4192620026F827 /* Build configuration list for PBXNativeTarget "ClothSimulation" */ = {
			isa = XCConfigurationList;
			buildConfigurations = (
				1360B7361C4192620026F827 /* Debug */,
				1360B7371C4192620026F827 /* Release */,
			);
			defaultConfigurationIsVisible = 0;
			defaultConfigurationName = Release;
		};
/* End XCConfigurationList section */
	};
	rootObject = 1360B7261C4192620026F827 /* Project object */;
}
